Microsoft Visual Studio Solution File, Format Version 12.00
# Visual Studio Version 17
VisualStudioVersion = 17.5.2.0
MinimumVisualStudioVersion = 10.0.40219.1
Project("{FAE04EC0-301F-11D3-BF4B-00C04F79EFBC}") = "FootballPoolApp", "FootballPoolApp\FootballPoolApp.csproj", "{3CD35A88-2C8A-C1F7-8D39-38E1B4546364}"
EndProject
Global
	GlobalSection(SolutionConfigurationPlatforms) = preSolution
		Debug|Any CPU = Debug|Any CPU
		Release|Any CPU = Release|Any CPU
	EndGlobalSection
	GlobalSection(ProjectConfigurationPlatforms) = postSolution
		{3CD35A88-2C8A-C1F7-8D39-38E1B4546364}.Debug|Any CPU.ActiveCfg = Debug|Any CPU
		{3CD35A88-2C8A-C1F7-8D39-38E1B4546364}.Debug|Any CPU.Build.0 = Debug|Any CPU
		{3CD35A88-2C8A-C1F7-8D39-38E1B4546364}.Release|Any CPU.ActiveCfg = Release|Any CPU
		{3CD35A88-2C8A-C1F7-8D39-38E1B4546364}.Release|Any CPU.Build.0 = Release|Any CPU
	EndGlobalSection
	GlobalSection(SolutionProperties) = preSolution
		HideSolutionNode = FALSE
	EndGlobalSection
	GlobalSection(ExtensibilityGlobals) = postSolution
		SolutionGuid = {5660AAB7-BCC4-4C27-9EB7-7D3938C88239}
	EndGlobalSection
EndGlobal
